
Microsoft Visual Studio Solution File, Format Version 12.00
# Visual Studio 15
VisualStudioVersion = 15.0.28010.2050
MinimumVisualStudioVersion = 10.0.40219.1
Project("{2150E333-8FDC-42A3-9474-1A3956D46DE8}") = "Item01 - Validar dados JSON", "Item01 - Validar dados JSON", "{5FACA200-1C05-42EA-B703-04A090A5FB75}"
EndProject
Project("{2150E333-8FDC-42A3-9474-1A3956D46DE8}") = "Item02 - escolher o tipo de coleção adequado", "Item02 - escolher o tipo de coleção adequado", "{0F279CEF-3035-4FAC-B256-58084BB10545}"
EndProject
Project("{2150E333-8FDC-42A3-9474-1A3956D46DE8}") = "Item03 - gerenciar integridade de dados", "Item03 - gerenciar integridade de dados", "{E5BA316C-D8DA-452A-A447-DEA76CFB4FAE}"
EndProject
Project("{2150E333-8FDC-42A3-9474-1A3956D46DE8}") = "Item04 - avaliar uma expressão regular para validar o formato de entrada", "Item04 - avaliar uma expressão regular para validar o formato de entrada", "{31361932-894D-4F6B-A144-F025A7697E5E}"
EndProject
Project("{2150E333-8FDC-42A3-9474-1A3956D46DE8}") = "Item05 - usar funções internas para validar tipos e conteúdos", "Item05 - usar funções internas para validar tipos e conteúdos", "{18701B0F-FFD7-41C0-9EDE-3F44E08F83A2}"
EndProject
Project("{2150E333-8FDC-42A3-9474-1A3956D46DE8}") = "Item06 - Escolher um algoritmo de criptografia apropriado", "Item06 - Escolher um algoritmo de criptografia apropriado", "{CF6349D3-5388-4329-9629-38850DBD0BBF}"
EndProject
Project("{2150E333-8FDC-42A3-9474-1A3956D46DE8}") = "Item08 - gerenciar e criar certificados", "Item08 - gerenciar e criar certificados", "{0B95B2FD-520B-4F4A-8682-07985A844B7E}"
EndProject
Project("{2150E333-8FDC-42A3-9474-1A3956D46DE8}") = "Item07 - implementar gerenciamento de chave", "Item07 - implementar gerenciamento de chave", "{C0216346-F816-4A81-8D73-0ECD0177ABB4}"
EndProject
Project("{2150E333-8FDC-42A3-9474-1A3956D46DE8}") = "Item09 - implementar o namespace System.Security", "Item09 - implementar o namespace System.Security", "{7B7080A0-D079-46FC-B871-50DFEFB4C217}"
EndProject
Project("{2150E333-8FDC-42A3-9474-1A3956D46DE8}") = "Item10 - fazendo hash de dados", "Item10 - fazendo hash de dados", "{607DB4EE-0B55-4944-A6C3-9DFD4376B5AE}"
EndProject
Project("{2150E333-8FDC-42A3-9474-1A3956D46DE8}") = "Item11 - criptografar fluxos", "Item11 - criptografar fluxos", "{663B46D1-9B22-4203-BF46-B2CAA86BA770}"
EndProject
Project("{2150E333-8FDC-42A3-9474-1A3956D46DE8}") = "antes - código do aluno", "antes - código do aluno", "{97532ED4-44C7-4989-B9CA-A4DD38BEC8E3}"
EndProject
Project("{2150E333-8FDC-42A3-9474-1A3956D46DE8}") = "depois - código do instrutor", "depois - código do instrutor", "{B0D7A73A-172D-4801-98B7-9FC7DA0273F8}"
EndProject
Project("{2150E333-8FDC-42A3-9474-1A3956D46DE8}") = "Item11 - criptografar fluxos", "Item11 - criptografar fluxos", "{FDF35CAB-1F37-4589-81AA-7EEEEBCB325B}"
EndProject
Project("{2150E333-8FDC-42A3-9474-1A3956D46DE8}") = "Item01 - Validar dados JSON", "Item01 - Validar dados JSON", "{5527B681-798E-4F96-B4F3-D89883445C7E}"
EndProject
Project("{2150E333-8FDC-42A3-9474-1A3956D46DE8}") = "Item02 - escolher o tipo de coleção adequado", "Item02 - escolher o tipo de coleção adequado", "{997C02FB-0385-4E7F-9A8C-ECB812BE2483}"
EndProject
Project("{2150E333-8FDC-42A3-9474-1A3956D46DE8}") = "Item03 - gerenciar integridade de dados", "Item03 - gerenciar integridade de dados", "{93B65769-3F33-4001-8035-8FB78EE627EF}"
EndProject
Project("{2150E333-8FDC-42A3-9474-1A3956D46DE8}") = "Item04 - avaliar uma expressão regular para validar o formato de entrada", "Item04 - avaliar uma expressão regular para validar o formato de entrada", "{CBEA46DA-90A2-4AE2-B509-60D9695D407B}"
EndProject
Project("{2150E333-8FDC-42A3-9474-1A3956D46DE8}") = "Item05 - usar funções internas para validar tipos e conteúdos", "Item05 - usar funções internas para validar tipos e conteúdos", "{34C3CB55-E45F-4482-8480-3FC9F13C7987}"
EndProject
Project("{2150E333-8FDC-42A3-9474-1A3956D46DE8}") = "Item06 - Escolher um algoritmo de criptografia apropriado", "Item06 - Escolher um algoritmo de criptografia apropriado", "{D85029CF-F6D6-4474-839F-7A5E44E2EFDC}"
EndProject
Project("{2150E333-8FDC-42A3-9474-1A3956D46DE8}") = "Item07 - gerenciar e criar certificados", "Item07 - gerenciar e criar certificados", "{3D6952FD-741F-42AC-9E58-EA70A60008AA}"
EndProject
Project("{2150E333-8FDC-42A3-9474-1A3956D46DE8}") = "Item08 - implementar gerenciamento de chave", "Item08 - implementar gerenciamento de chave", "{7333E920-A15E-489F-AB35-5F4BD69A1C9A}"
EndProject
Project("{2150E333-8FDC-42A3-9474-1A3956D46DE8}") = "Item09 - implementar o namespace System.Security", "Item09 - implementar o namespace System.Security", "{BFF8F07B-4953-4D73-AD64-90B4E9D864F1}"
EndProject
Project("{2150E333-8FDC-42A3-9474-1A3956D46DE8}") = "Item10 - fazendo hash de dados", "Item10 - fazendo hash de dados", "{EEAB713B-E5C5-403A-A3D2-4690A3F6E3C9}"
EndProject
Project("{9A19103F-16F7-4668-BE54-9A1E7A4F7556}") = "Program01.01", "depois\Program01.01\Program01.01.csproj", "{0043723A-527D-4EBE-9825-70680ED58D5E}"
EndProject
Project("{9A19103F-16F7-4668-BE54-9A1E7A4F7556}") = "Program01.02", "depois\Program01.02\Program01.02.csproj", "{548FAB48-91AE-4CD6-87AF-823AE76B8B20}"
EndProject
Project("{9A19103F-16F7-4668-BE54-9A1E7A4F7556}") = "Program01.03", "depois\Program01.03\Program01.03.csproj", "{C3AD9AB2-2CA8-4AB9-A5DE-C636AE157414}"
EndProject
Project("{9A19103F-16F7-4668-BE54-9A1E7A4F7556}") = "Program03.01", "depois\Program03.01\Program03.01.csproj", "{90A08DC6-00C6-4383-9C9B-E5B4F750B1C4}"
EndProject
Project("{9A19103F-16F7-4668-BE54-9A1E7A4F7556}") = "Program04.01", "depois\Program04.01\Program04.01.csproj", "{11816F49-D39D-485A-A780-7A971FEFAC0A}"
EndProject
Project("{9A19103F-16F7-4668-BE54-9A1E7A4F7556}") = "Program04.02", "depois\Program04.02\Program04.02.csproj", "{BEE15609-5700-4910-A4A2-7EFDDC730A20}"
EndProject
Project("{9A19103F-16F7-4668-BE54-9A1E7A4F7556}") = "Program02.01", "depois\Program02.01\Program02.01.csproj", "{120769EA-C10C-464C-9829-3A007CC07A8E}"
EndProject
Project("{9A19103F-16F7-4668-BE54-9A1E7A4F7556}") = "Program05.01", "depois\Program05.01\Program05.01.csproj", "{727A7F7E-8DAA-43DF-8651-29186B4ED5E4}"
EndProject
Project("{9A19103F-16F7-4668-BE54-9A1E7A4F7556}") = "Program06.01", "depois\Program06.01\Program06.01.csproj", "{688CFB1D-9DF8-4148-94BF-8965DBEA255B}"
EndProject
Project("{9A19103F-16F7-4668-BE54-9A1E7A4F7556}") = "Program06.02", "depois\Program06.02\Program06.02.csproj", "{7C1BBFA0-D924-4D71-9DE3-B8028C6C828A}"
EndProject
Project("{FAE04EC0-301F-11D3-BF4B-00C04F79EFBC}") = "Program09.01", "depois\Program09.01\Program09.01.csproj", "{1F55DEAA-F644-4FB2-B157-F1BD9D8DDD0B}"
EndProject
Project("{FAE04EC0-301F-11D3-BF4B-00C04F79EFBC}") = "Program10.01", "depois\Program10.01\Program10.01.csproj", "{9D17EBA6-64D7-49FD-AE7F-08ABF35F57CF}"
EndProject
Project("{FAE04EC0-301F-11D3-BF4B-00C04F79EFBC}") = "Program10.02", "depois\Program10.02\Program10.02.csproj", "{4F0F761F-A53C-4451-96E6-74F68FDA595B}"
EndProject
Project("{FAE04EC0-301F-11D3-BF4B-00C04F79EFBC}") = "Program11.01", "depois\Program11.01\Program11.01.csproj", "{F8CB4BB4-3938-413C-9468-A7EB82513FC9}"
EndProject
Project("{FAE04EC0-301F-11D3-BF4B-00C04F79EFBC}") = "Program07.01", "depois\Program07.01\Program07.01.csproj", "{CFB1AD1F-A7A9-463F-AB8F-CAAC545B8EEF}"
EndProject
Project("{FAE04EC0-301F-11D3-BF4B-00C04F79EFBC}") = "Program07.02", "depois\Program07.02\Program07.02.csproj", "{D31AA1C6-90C6-49A9-9CCF-8846AC6B1CF2}"
EndProject
Project("{FAE04EC0-301F-11D3-BF4B-00C04F79EFBC}") = "Program07.03", "depois\Program07.03\Program07.03.csproj", "{2D0E797F-773D-4892-AC5F-2299C12AAFE0}"
EndProject
Project("{FAE04EC0-301F-11D3-BF4B-00C04F79EFBC}") = "Program06.03", "depois\Program06.03\Program06.03.csproj", "{56B3965C-2C60-4A80-923D-9782D38B297A}"
EndProject
Project("{FAE04EC0-301F-11D3-BF4B-00C04F79EFBC}") = "Program08.01", "depois\Program08.01\Program08.01.csproj", "{D80EAB68-1CAC-474C-BC36-78F9FD1EBE15}"
EndProject
Project("{9A19103F-16F7-4668-BE54-9A1E7A4F7556}") = "Program01.01", "antes\Program01.01\Program01.01.csproj", "{33745482-A0E0-4FDB-AB04-B9DC503E96F5}"
EndProject
Project("{9A19103F-16F7-4668-BE54-9A1E7A4F7556}") = "Program01.02", "antes\Program01.02\Program01.02.csproj", "{72ABB016-8171-42A0-9CB8-5F8EAEA0C56E}"
EndProject
Project("{9A19103F-16F7-4668-BE54-9A1E7A4F7556}") = "Program01.03", "antes\Program01.03\Program01.03.csproj", "{06E547AC-29AC-4062-BEF3-DD997BA0B40E}"
EndProject
Project("{9A19103F-16F7-4668-BE54-9A1E7A4F7556}") = "Program02.01", "antes\Program02.01\Program02.01.csproj", "{221B47A4-9178-41AB-B85D-81681F120251}"
EndProject
Project("{9A19103F-16F7-4668-BE54-9A1E7A4F7556}") = "Program03.01", "antes\Program03.01\Program03.01.csproj", "{21AE5AD7-C35A-4E42-9365-627E80F47133}"
EndProject
Project("{9A19103F-16F7-4668-BE54-9A1E7A4F7556}") = "Program04.01", "antes\Program04.01\Program04.01.csproj", "{5126568D-56A9-4FE1-9E87-C4FF400F4C1E}"
EndProject
Project("{9A19103F-16F7-4668-BE54-9A1E7A4F7556}") = "Program04.02", "antes\Program04.02\Program04.02.csproj", "{D225EF06-C6C8-40DA-8075-851E559B91FD}"
EndProject
Project("{9A19103F-16F7-4668-BE54-9A1E7A4F7556}") = "Program05.01", "antes\Program05.01\Program05.01.csproj", "{112C6225-4A07-4FF0-925F-6E8F8FB6F7E5}"
EndProject
Project("{9A19103F-16F7-4668-BE54-9A1E7A4F7556}") = "Program06.01", "antes\Program06.01\Program06.01.csproj", "{05048A07-F585-4B3F-8EA4-6B3C6F4DFA61}"
EndProject
Project("{9A19103F-16F7-4668-BE54-9A1E7A4F7556}") = "Program06.02", "antes\Program06.02\Program06.02.csproj", "{93EE40FC-8C4E-4C6E-A023-A8F15EDAB792}"
EndProject
Project("{FAE04EC0-301F-11D3-BF4B-00C04F79EFBC}") = "Program06.03", "antes\Program06.03\Program06.03.csproj", "{77CD7748-B3CC-4085-A019-5F21C499012E}"
EndProject
Project("{FAE04EC0-301F-11D3-BF4B-00C04F79EFBC}") = "Program07.01", "antes\Program07.01\Program07.01.csproj", "{A264B61B-3661-486A-9619-5835E8E02436}"
EndProject
Project("{FAE04EC0-301F-11D3-BF4B-00C04F79EFBC}") = "Program07.02", "antes\Program07.02\Program07.02.csproj", "{91150662-BD7A-4157-A7E9-63AB085A4DB5}"
EndProject
Project("{FAE04EC0-301F-11D3-BF4B-00C04F79EFBC}") = "Program07.03", "antes\Program07.03\Program07.03.csproj", "{42AEF9CC-FD9E-4974-94CF-3B31D168A8E4}"
EndProject
Project("{FAE04EC0-301F-11D3-BF4B-00C04F79EFBC}") = "Program08.01", "antes\Program08.01\Program08.01.csproj", "{B8B4064E-A076-43D5-8B90-53E49CABBB40}"
EndProject
Project("{FAE04EC0-301F-11D3-BF4B-00C04F79EFBC}") = "Program09.01", "antes\Program09.01\Program09.01.csproj", "{262AB268-77DC-4109-BB5B-230F9C6D282D}"
EndProject
Project("{FAE04EC0-301F-11D3-BF4B-00C04F79EFBC}") = "Program10.01", "antes\Program10.01\Program10.01.csproj", "{1644C9E6-9FC4-4F9D-95B8-ED49742D17D5}"
EndProject
Project("{FAE04EC0-301F-11D3-BF4B-00C04F79EFBC}") = "Program10.02", "antes\Program10.02\Program10.02.csproj", "{6B0DF79E-0B79-4791-A317-EA746F5D47B2}"
EndProject
Project("{FAE04EC0-301F-11D3-BF4B-00C04F79EFBC}") = "Program11.01", "antes\Program11.01\Program11.01.csproj", "{AB4C4751-B4D0-4197-B7FA-F1F19AC131F6}"
EndProject
Global
	GlobalSection(SolutionConfigurationPlatforms) = preSolution
		Debug|Any CPU = Debug|Any CPU
		Release|Any CPU = Release|Any CPU
	EndGlobalSection
	GlobalSection(ProjectConfigurationPlatforms) = postSolution
		{0043723A-527D-4EBE-9825-70680ED58D5E}.Debug|Any CPU.ActiveCfg = Debug|Any CPU
		{0043723A-527D-4EBE-9825-70680ED58D5E}.Debug|Any CPU.Build.0 = Debug|Any CPU
		{0043723A-527D-4EBE-9825-70680ED58D5E}.Release|Any CPU.ActiveCfg = Release|Any CPU
		{0043723A-527D-4EBE-9825-70680ED58D5E}.Release|Any CPU.Build.0 = Release|Any CPU
		{548FAB48-91AE-4CD6-87AF-823AE76B8B20}.Debug|Any CPU.ActiveCfg = Debug|Any CPU
		{548FAB48-91AE-4CD6-87AF-823AE76B8B20}.Debug|Any CPU.Build.0 = Debug|Any CPU
		{548FAB48-91AE-4CD6-87AF-823AE76B8B20}.Release|Any CPU.ActiveCfg = Release|Any CPU
		{548FAB48-91AE-4CD6-87AF-823AE76B8B20}.Release|Any CPU.Build.0 = Release|Any CPU
		{C3AD9AB2-2CA8-4AB9-A5DE-C636AE157414}.Debug|Any CPU.ActiveCfg = Debug|Any CPU
		{C3AD9AB2-2CA8-4AB9-A5DE-C636AE157414}.Debug|Any CPU.Build.0 = Debug|Any CPU
		{C3AD9AB2-2CA8-4AB9-A5DE-C636AE157414}.Release|Any CPU.ActiveCfg = Release|Any CPU
		{C3AD9AB2-2CA8-4AB9-A5DE-C636AE157414}.Release|Any CPU.Build.0 = Release|Any CPU
		{90A08DC6-00C6-4383-9C9B-E5B4F750B1C4}.Debug|Any CPU.ActiveCfg = Debug|Any CPU
		{90A08DC6-00C6-4383-9C9B-E5B4F750B1C4}.Debug|Any CPU.Build.0 = Debug|Any CPU
		{90A08DC6-00C6-4383-9C9B-E5B4F750B1C4}.Release|Any CPU.ActiveCfg = Release|Any CPU
		{90A08DC6-00C6-4383-9C9B-E5B4F750B1C4}.Release|Any CPU.Build.0 = Release|Any CPU
		{11816F49-D39D-485A-A780-7A971FEFAC0A}.Debug|Any CPU.ActiveCfg = Debug|Any CPU
		{11816F49-D39D-485A-A780-7A971FEFAC0A}.Debug|Any CPU.Build.0 = Debug|Any CPU
		{11816F49-D39D-485A-A780-7A971FEFAC0A}.Release|Any CPU.ActiveCfg = Release|Any CPU
		{11816F49-D39D-485A-A780-7A971FEFAC0A}.Release|Any CPU.Build.0 = Release|Any CPU
		{BEE15609-5700-4910-A4A2-7EFDDC730A20}.Debug|Any CPU.ActiveCfg = Debug|Any CPU
		{BEE15609-5700-4910-A4A2-7EFDDC730A20}.Debug|Any CPU.Build.0 = Debug|Any CPU
		{BEE15609-5700-4910-A4A2-7EFDDC730A20}.Release|Any CPU.ActiveCfg = Release|Any CPU
		{BEE15609-5700-4910-A4A2-7EFDDC730A20}.Release|Any CPU.Build.0 = Release|Any CPU
		{120769EA-C10C-464C-9829-3A007CC07A8E}.Debug|Any CPU.ActiveCfg = Debug|Any CPU
		{120769EA-C10C-464C-9829-3A007CC07A8E}.Debug|Any CPU.Build.0 = Debug|Any CPU
		{120769EA-C10C-464C-9829-3A007CC07A8E}.Release|Any CPU.ActiveCfg = Release|Any CPU
		{120769EA-C10C-464C-9829-3A007CC07A8E}.Release|Any CPU.Build.0 = Release|Any CPU
		{727A7F7E-8DAA-43DF-8651-29186B4ED5E4}.Debug|Any CPU.ActiveCfg = Debug|Any CPU
		{727A7F7E-8DAA-43DF-8651-29186B4ED5E4}.Debug|Any CPU.Build.0 = Debug|Any CPU
		{727A7F7E-8DAA-43DF-8651-29186B4ED5E4}.Release|Any CPU.ActiveCfg = Release|Any CPU
		{727A7F7E-8DAA-43DF-8651-29186B4ED5E4}.Release|Any CPU.Build.0 = Release|Any CPU
		{688CFB1D-9DF8-4148-94BF-8965DBEA255B}.Debug|Any CPU.ActiveCfg = Debug|Any CPU
		{688CFB1D-9DF8-4148-94BF-8965DBEA255B}.Debug|Any CPU.Build.0 = Debug|Any CPU
		{688CFB1D-9DF8-4148-94BF-8965DBEA255B}.Release|Any CPU.ActiveCfg = Release|Any CPU
		{688CFB1D-9DF8-4148-94BF-8965DBEA255B}.Release|Any CPU.Build.0 = Release|Any CPU
		{7C1BBFA0-D924-4D71-9DE3-B8028C6C828A}.Debug|Any CPU.ActiveCfg = Debug|Any CPU
		{7C1BBFA0-D924-4D71-9DE3-B8028C6C828A}.Debug|Any CPU.Build.0 = Debug|Any CPU
		{7C1BBFA0-D924-4D71-9DE3-B8028C6C828A}.Release|Any CPU.ActiveCfg = Release|Any CPU
		{7C1BBFA0-D924-4D71-9DE3-B8028C6C828A}.Release|Any CPU.Build.0 = Release|Any CPU
		{1F55DEAA-F644-4FB2-B157-F1BD9D8DDD0B}.Debug|Any CPU.ActiveCfg = Debug|Any CPU
		{1F55DEAA-F644-4FB2-B157-F1BD9D8DDD0B}.Debug|Any CPU.Build.0 = Debug|Any CPU
		{1F55DEAA-F644-4FB2-B157-F1BD9D8DDD0B}.Release|Any CPU.ActiveCfg = Release|Any CPU
		{1F55DEAA-F644-4FB2-B157-F1BD9D8DDD0B}.Release|Any CPU.Build.0 = Release|Any CPU
		{9D17EBA6-64D7-49FD-AE7F-08ABF35F57CF}.Debug|Any CPU.ActiveCfg = Debug|Any CPU
		{9D17EBA6-64D7-49FD-AE7F-08ABF35F57CF}.Debug|Any CPU.Build.0 = Debug|Any CPU
		{9D17EBA6-64D7-49FD-AE7F-08ABF35F57CF}.Release|Any CPU.ActiveCfg = Release|Any CPU
		{9D17EBA6-64D7-49FD-AE7F-08ABF35F57CF}.Release|Any CPU.Build.0 = Release|Any CPU
		{4F0F761F-A53C-4451-96E6-74F68FDA595B}.Debug|Any CPU.ActiveCfg = Debug|Any CPU
		{4F0F761F-A53C-4451-96E6-74F68FDA595B}.Debug|Any CPU.Build.0 = Debug|Any CPU
		{4F0F761F-A53C-4451-96E6-74F68FDA595B}.Release|Any CPU.ActiveCfg = Release|Any CPU
		{4F0F761F-A53C-4451-96E6-74F68FDA595B}.Release|Any CPU.Build.0 = Release|Any CPU
		{F8CB4BB4-3938-413C-9468-A7EB82513FC9}.Debug|Any CPU.ActiveCfg = Debug|Any CPU
		{F8CB4BB4-3938-413C-9468-A7EB82513FC9}.Debug|Any CPU.Build.0 = Debug|Any CPU
		{F8CB4BB4-3938-413C-9468-A7EB82513FC9}.Release|Any CPU.ActiveCfg = Release|Any CPU
		{F8CB4BB4-3938-413C-9468-A7EB82513FC9}.Release|Any CPU.Build.0 = Release|Any CPU
		{CFB1AD1F-A7A9-463F-AB8F-CAAC545B8EEF}.Debug|Any CPU.ActiveCfg = Debug|Any CPU
		{CFB1AD1F-A7A9-463F-AB8F-CAAC545B8EEF}.Debug|Any CPU.Build.0 = Debug|Any CPU
		{CFB1AD1F-A7A9-463F-AB8F-CAAC545B8EEF}.Release|Any CPU.ActiveCfg = Release|Any CPU
		{CFB1AD1F-A7A9-463F-AB8F-CAAC545B8EEF}.Release|Any CPU.Build.0 = Release|Any CPU
		{D31AA1C6-90C6-49A9-9CCF-8846AC6B1CF2}.Debug|Any CPU.ActiveCfg = Debug|Any CPU
		{D31AA1C6-90C6-49A9-9CCF-8846AC6B1CF2}.Debug|Any CPU.Build.0 = Debug|Any CPU
		{D31AA1C6-90C6-49A9-9CCF-8846AC6B1CF2}.Release|Any CPU.ActiveCfg = Release|Any CPU
		{D31AA1C6-90C6-49A9-9CCF-8846AC6B1CF2}.Release|Any CPU.Build.0 = Release|Any CPU
		{2D0E797F-773D-4892-AC5F-2299C12AAFE0}.Debug|Any CPU.ActiveCfg = Debug|Any CPU
		{2D0E797F-773D-4892-AC5F-2299C12AAFE0}.Debug|Any CPU.Build.0 = Debug|Any CPU
		{2D0E797F-773D-4892-AC5F-2299C12AAFE0}.Release|Any CPU.ActiveCfg = Release|Any CPU
		{2D0E797F-773D-4892-AC5F-2299C12AAFE0}.Release|Any CPU.Build.0 = Release|Any CPU
		{56B3965C-2C60-4A80-923D-9782D38B297A}.Debug|Any CPU.ActiveCfg = Debug|Any CPU
		{56B3965C-2C60-4A80-923D-9782D38B297A}.Debug|Any CPU.Build.0 = Debug|Any CPU
		{56B3965C-2C60-4A80-923D-9782D38B297A}.Release|Any CPU.ActiveCfg = Release|Any CPU
		{56B3965C-2C60-4A80-923D-9782D38B297A}.Release|Any CPU.Build.0 = Release|Any CPU
		{D80EAB68-1CAC-474C-BC36-78F9FD1EBE15}.Debug|Any CPU.ActiveCfg = Debug|Any CPU
		{D80EAB68-1CAC-474C-BC36-78F9FD1EBE15}.Debug|Any CPU.Build.0 = Debug|Any CPU
		{D80EAB68-1CAC-474C-BC36-78F9FD1EBE15}.Release|Any CPU.ActiveCfg = Release|Any CPU
		{D80EAB68-1CAC-474C-BC36-78F9FD1EBE15}.Release|Any CPU.Build.0 = Release|Any CPU
		{33745482-A0E0-4FDB-AB04-B9DC503E96F5}.Debug|Any CPU.ActiveCfg = Debug|Any CPU
		{33745482-A0E0-4FDB-AB04-B9DC503E96F5}.Debug|Any CPU.Build.0 = Debug|Any CPU
		{33745482-A0E0-4FDB-AB04-B9DC503E96F5}.Release|Any CPU.ActiveCfg = Release|Any CPU
		{33745482-A0E0-4FDB-AB04-B9DC503E96F5}.Release|Any CPU.Build.0 = Release|Any CPU
		{72ABB016-8171-42A0-9CB8-5F8EAEA0C56E}.Debug|Any CPU.ActiveCfg = Debug|Any CPU
		{72ABB016-8171-42A0-9CB8-5F8EAEA0C56E}.Debug|Any CPU.Build.0 = Debug|Any CPU
		{72ABB016-8171-42A0-9CB8-5F8EAEA0C56E}.Release|Any CPU.ActiveCfg = Release|Any CPU
		{72ABB016-8171-42A0-9CB8-5F8EAEA0C56E}.Release|Any CPU.Build.0 = Release|Any CPU
		{06E547AC-29AC-4062-BEF3-DD997BA0B40E}.Debug|Any CPU.ActiveCfg = Debug|Any CPU
		{06E547AC-29AC-4062-BEF3-DD997BA0B40E}.Debug|Any CPU.Build.0 = Debug|Any CPU
		{06E547AC-29AC-4062-BEF3-DD997BA0B40E}.Release|Any CPU.ActiveCfg = Release|Any CPU
		{06E547AC-29AC-4062-BEF3-DD997BA0B40E}.Release|Any CPU.Build.0 = Release|Any CPU
		{221B47A4-9178-41AB-B85D-81681F120251}.Debug|Any CPU.ActiveCfg = Debug|Any CPU
		{221B47A4-9178-41AB-B85D-81681F120251}.Debug|Any CPU.Build.0 = Debug|Any CPU
		{221B47A4-9178-41AB-B85D-81681F120251}.Release|Any CPU.ActiveCfg = Release|Any CPU
		{221B47A4-9178-41AB-B85D-81681F120251}.Release|Any CPU.Build.0 = Release|Any CPU
		{21AE5AD7-C35A-4E42-9365-627E80F47133}.Debug|Any CPU.ActiveCfg = Debug|Any CPU
		{21AE5AD7-C35A-4E42-9365-627E80F47133}.Debug|Any CPU.Build.0 = Debug|Any CPU
		{21AE5AD7-C35A-4E42-9365-627E80F47133}.Release|Any CPU.ActiveCfg = Release|Any CPU
		{21AE5AD7-C35A-4E42-9365-627E80F47133}.Release|Any CPU.Build.0 = Release|Any CPU
		{5126568D-56A9-4FE1-9E87-C4FF400F4C1E}.Debug|Any CPU.ActiveCfg = Debug|Any CPU
		{5126568D-56A9-4FE1-9E87-C4FF400F4C1E}.Debug|Any CPU.Build.0 = Debug|Any CPU
		{5126568D-56A9-4FE1-9E87-C4FF400F4C1E}.Release|Any CPU.ActiveCfg = Release|Any CPU
		{5126568D-56A9-4FE1-9E87-C4FF400F4C1E}.Release|Any CPU.Build.0 = Release|Any CPU
		{D225EF06-C6C8-40DA-8075-851E559B91FD}.Debug|Any CPU.ActiveCfg = Debug|Any CPU
		{D225EF06-C6C8-40DA-8075-851E559B91FD}.Debug|Any CPU.Build.0 = Debug|Any CPU
		{D225EF06-C6C8-40DA-8075-851E559B91FD}.Release|Any CPU.ActiveCfg = Release|Any CPU
		{D225EF06-C6C8-40DA-8075-851E559B91FD}.Release|Any CPU.Build.0 = Release|Any CPU
		{112C6225-4A07-4FF0-925F-6E8F8FB6F7E5}.Debug|Any CPU.ActiveCfg = Debug|Any CPU
		{112C6225-4A07-4FF0-925F-6E8F8FB6F7E5}.Debug|Any CPU.Build.0 = Debug|Any CPU
		{112C6225-4A07-4FF0-925F-6E8F8FB6F7E5}.Release|Any CPU.ActiveCfg = Release|Any CPU
		{112C6225-4A07-4FF0-925F-6E8F8FB6F7E5}.Release|Any CPU.Build.0 = Release|Any CPU
		{05048A07-F585-4B3F-8EA4-6B3C6F4DFA61}.Debug|Any CPU.ActiveCfg = Debug|Any CPU
		{05048A07-F585-4B3F-8EA4-6B3C6F4DFA61}.Debug|Any CPU.Build.0 = Debug|Any CPU
		{05048A07-F585-4B3F-8EA4-6B3C6F4DFA61}.Release|Any CPU.ActiveCfg = Release|Any CPU
		{05048A07-F585-4B3F-8EA4-6B3C6F4DFA61}.Release|Any CPU.Build.0 = Release|Any CPU
		{93EE40FC-8C4E-4C6E-A023-A8F15EDAB792}.Debug|Any CPU.ActiveCfg = Debug|Any CPU
		{93EE40FC-8C4E-4C6E-A023-A8F15EDAB792}.Debug|Any CPU.Build.0 = Debug|Any CPU
		{93EE40FC-8C4E-4C6E-A023-A8F15EDAB792}.Release|Any CPU.ActiveCfg = Release|Any CPU
		{93EE40FC-8C4E-4C6E-A023-A8F15EDAB792}.Release|Any CPU.Build.0 = Release|Any CPU
		{77CD7748-B3CC-4085-A019-5F21C499012E}.Debug|Any CPU.ActiveCfg = Debug|Any CPU
		{77CD7748-B3CC-4085-A019-5F21C499012E}.Debug|Any CPU.Build.0 = Debug|Any CPU
		{77CD7748-B3CC-4085-A019-5F21C499012E}.Release|Any CPU.ActiveCfg = Release|Any CPU
		{77CD7748-B3CC-4085-A019-5F21C499012E}.Release|Any CPU.Build.0 = Release|Any CPU
		{A264B61B-3661-486A-9619-5835E8E02436}.Debug|Any CPU.ActiveCfg = Debug|Any CPU
		{A264B61B-3661-486A-9619-5835E8E02436}.Debug|Any CPU.Build.0 = Debug|Any CPU
		{A264B61B-3661-486A-9619-5835E8E02436}.Release|Any CPU.ActiveCfg = Release|Any CPU
		{A264B61B-3661-486A-9619-5835E8E02436}.Release|Any CPU.Build.0 = Release|Any CPU
		{91150662-BD7A-4157-A7E9-63AB085A4DB5}.Debug|Any CPU.ActiveCfg = Debug|Any CPU
		{91150662-BD7A-4157-A7E9-63AB085A4DB5}.Debug|Any CPU.Build.0 = Debug|Any CPU
		{91150662-BD7A-4157-A7E9-63AB085A4DB5}.Release|Any CPU.ActiveCfg = Release|Any CPU
		{91150662-BD7A-4157-A7E9-63AB085A4DB5}.Release|Any CPU.Build.0 = Release|Any CPU
		{42AEF9CC-FD9E-4974-94CF-3B31D168A8E4}.Debug|Any CPU.ActiveCfg = Debug|Any CPU
		{42AEF9CC-FD9E-4974-94CF-3B31D168A8E4}.Debug|Any CPU.Build.0 = Debug|Any CPU
		{42AEF9CC-FD9E-4974-94CF-3B31D168A8E4}.Release|Any CPU.ActiveCfg = Release|Any CPU
		{42AEF9CC-FD9E-4974-94CF-3B31D168A8E4}.Release|Any CPU.Build.0 = Release|Any CPU
		{B8B4064E-A076-43D5-8B90-53E49CABBB40}.Debug|Any CPU.ActiveCfg = Debug|Any CPU
		{B8B4064E-A076-43D5-8B90-53E49CABBB40}.Debug|Any CPU.Build.0 = Debug|Any CPU
		{B8B4064E-A076-43D5-8B90-53E49CABBB40}.Release|Any CPU.ActiveCfg = Release|Any CPU
		{B8B4064E-A076-43D5-8B90-53E49CABBB40}.Release|Any CPU.Build.0 = Release|Any CPU
		{262AB268-77DC-4109-BB5B-230F9C6D282D}.Debug|Any CPU.ActiveCfg = Debug|Any CPU
		{262AB268-77DC-4109-BB5B-230F9C6D282D}.Debug|Any CPU.Build.0 = Debug|Any CPU
		{262AB268-77DC-4109-BB5B-230F9C6D282D}.Release|Any CPU.ActiveCfg = Release|Any CPU
		{262AB268-77DC-4109-BB5B-230F9C6D282D}.Release|Any CPU.Build.0 = Release|Any CPU
		{1644C9E6-9FC4-4F9D-95B8-ED49742D17D5}.Debug|Any CPU.ActiveCfg = Debug|Any CPU
		{1644C9E6-9FC4-4F9D-95B8-ED49742D17D5}.Debug|Any CPU.Build.0 = Debug|Any CPU
		{1644C9E6-9FC4-4F9D-95B8-ED49742D17D5}.Release|Any CPU.ActiveCfg = Release|Any CPU
		{1644C9E6-9FC4-4F9D-95B8-ED49742D17D5}.Release|Any CPU.Build.0 = Release|Any CPU
		{6B0DF79E-0B79-4791-A317-EA746F5D47B2}.Debug|Any CPU.ActiveCfg = Debug|Any CPU
		{6B0DF79E-0B79-4791-A317-EA746F5D47B2}.Debug|Any CPU.Build.0 = Debug|Any CPU
		{6B0DF79E-0B79-4791-A317-EA746F5D47B2}.Release|Any CPU.ActiveCfg = Release|Any CPU
		{6B0DF79E-0B79-4791-A317-EA746F5D47B2}.Release|Any CPU.Build.0 = Release|Any CPU
		{AB4C4751-B4D0-4197-B7FA-F1F19AC131F6}.Debug|Any CPU.ActiveCfg = Debug|Any CPU
		{AB4C4751-B4D0-4197-B7FA-F1F19AC131F6}.Debug|Any CPU.Build.0 = Debug|Any CPU
		{AB4C4751-B4D0-4197-B7FA-F1F19AC131F6}.Release|Any CPU.ActiveCfg = Release|Any CPU
		{AB4C4751-B4D0-4197-B7FA-F1F19AC131F6}.Release|Any CPU.Build.0 = Release|Any CPU
	EndGlobalSection
	GlobalSection(SolutionProperties) = preSolution
		HideSolutionNode = FALSE
	EndGlobalSection
	GlobalSection(NestedProjects) = preSolution
		{5FACA200-1C05-42EA-B703-04A090A5FB75} = {B0D7A73A-172D-4801-98B7-9FC7DA0273F8}
		{0F279CEF-3035-4FAC-B256-58084BB10545} = {B0D7A73A-172D-4801-98B7-9FC7DA0273F8}
		{E5BA316C-D8DA-452A-A447-DEA76CFB4FAE} = {B0D7A73A-172D-4801-98B7-9FC7DA0273F8}
		{31361932-894D-4F6B-A144-F025A7697E5E} = {B0D7A73A-172D-4801-98B7-9FC7DA0273F8}
		{18701B0F-FFD7-41C0-9EDE-3F44E08F83A2} = {B0D7A73A-172D-4801-98B7-9FC7DA0273F8}
		{CF6349D3-5388-4329-9629-38850DBD0BBF} = {B0D7A73A-172D-4801-98B7-9FC7DA0273F8}
		{0B95B2FD-520B-4F4A-8682-07985A844B7E} = {B0D7A73A-172D-4801-98B7-9FC7DA0273F8}
		{C0216346-F816-4A81-8D73-0ECD0177ABB4} = {B0D7A73A-172D-4801-98B7-9FC7DA0273F8}
		{7B7080A0-D079-46FC-B871-50DFEFB4C217} = {B0D7A73A-172D-4801-98B7-9FC7DA0273F8}
		{607DB4EE-0B55-4944-A6C3-9DFD4376B5AE} = {B0D7A73A-172D-4801-98B7-9FC7DA0273F8}
		{663B46D1-9B22-4203-BF46-B2CAA86BA770} = {B0D7A73A-172D-4801-98B7-9FC7DA0273F8}
		{FDF35CAB-1F37-4589-81AA-7EEEEBCB325B} = {97532ED4-44C7-4989-B9CA-A4DD38BEC8E3}
		{5527B681-798E-4F96-B4F3-D89883445C7E} = {97532ED4-44C7-4989-B9CA-A4DD38BEC8E3}
		{997C02FB-0385-4E7F-9A8C-ECB812BE2483} = {97532ED4-44C7-4989-B9CA-A4DD38BEC8E3}
		{93B65769-3F33-4001-8035-8FB78EE627EF} = {97532ED4-44C7-4989-B9CA-A4DD38BEC8E3}
		{CBEA46DA-90A2-4AE2-B509-60D9695D407B} = {97532ED4-44C7-4989-B9CA-A4DD38BEC8E3}
		{34C3CB55-E45F-4482-8480-3FC9F13C7987} = {97532ED4-44C7-4989-B9CA-A4DD38BEC8E3}
		{D85029CF-F6D6-4474-839F-7A5E44E2EFDC} = {97532ED4-44C7-4989-B9CA-A4DD38BEC8E3}
		{3D6952FD-741F-42AC-9E58-EA70A60008AA} = {97532ED4-44C7-4989-B9CA-A4DD38BEC8E3}
		{7333E920-A15E-489F-AB35-5F4BD69A1C9A} = {97532ED4-44C7-4989-B9CA-A4DD38BEC8E3}
		{BFF8F07B-4953-4D73-AD64-90B4E9D864F1} = {97532ED4-44C7-4989-B9CA-A4DD38BEC8E3}
		{EEAB713B-E5C5-403A-A3D2-4690A3F6E3C9} = {97532ED4-44C7-4989-B9CA-A4DD38BEC8E3}
		{0043723A-527D-4EBE-9825-70680ED58D5E} = {5FACA200-1C05-42EA-B703-04A090A5FB75}
		{548FAB48-91AE-4CD6-87AF-823AE76B8B20} = {5FACA200-1C05-42EA-B703-04A090A5FB75}
		{C3AD9AB2-2CA8-4AB9-A5DE-C636AE157414} = {5FACA200-1C05-42EA-B703-04A090A5FB75}
		{90A08DC6-00C6-4383-9C9B-E5B4F750B1C4} = {E5BA316C-D8DA-452A-A447-DEA76CFB4FAE}
		{11816F49-D39D-485A-A780-7A971FEFAC0A} = {31361932-894D-4F6B-A144-F025A7697E5E}
		{BEE15609-5700-4910-A4A2-7EFDDC730A20} = {31361932-894D-4F6B-A144-F025A7697E5E}
		{120769EA-C10C-464C-9829-3A007CC07A8E} = {0F279CEF-3035-4FAC-B256-58084BB10545}
		{727A7F7E-8DAA-43DF-8651-29186B4ED5E4} = {18701B0F-FFD7-41C0-9EDE-3F44E08F83A2}
		{688CFB1D-9DF8-4148-94BF-8965DBEA255B} = {CF6349D3-5388-4329-9629-38850DBD0BBF}
		{7C1BBFA0-D924-4D71-9DE3-B8028C6C828A} = {CF6349D3-5388-4329-9629-38850DBD0BBF}
		{1F55DEAA-F644-4FB2-B157-F1BD9D8DDD0B} = {7B7080A0-D079-46FC-B871-50DFEFB4C217}
		{9D17EBA6-64D7-49FD-AE7F-08ABF35F57CF} = {607DB4EE-0B55-4944-A6C3-9DFD4376B5AE}
		{4F0F761F-A53C-4451-96E6-74F68FDA595B} = {607DB4EE-0B55-4944-A6C3-9DFD4376B5AE}
		{F8CB4BB4-3938-413C-9468-A7EB82513FC9} = {663B46D1-9B22-4203-BF46-B2CAA86BA770}
		{CFB1AD1F-A7A9-463F-AB8F-CAAC545B8EEF} = {C0216346-F816-4A81-8D73-0ECD0177ABB4}
		{D31AA1C6-90C6-49A9-9CCF-8846AC6B1CF2} = {C0216346-F816-4A81-8D73-0ECD0177ABB4}
		{2D0E797F-773D-4892-AC5F-2299C12AAFE0} = {C0216346-F816-4A81-8D73-0ECD0177ABB4}
		{56B3965C-2C60-4A80-923D-9782D38B297A} = {CF6349D3-5388-4329-9629-38850DBD0BBF}
		{D80EAB68-1CAC-474C-BC36-78F9FD1EBE15} = {0B95B2FD-520B-4F4A-8682-07985A844B7E}
		{33745482-A0E0-4FDB-AB04-B9DC503E96F5} = {5527B681-798E-4F96-B4F3-D89883445C7E}
		{72ABB016-8171-42A0-9CB8-5F8EAEA0C56E} = {5527B681-798E-4F96-B4F3-D89883445C7E}
		{06E547AC-29AC-4062-BEF3-DD997BA0B40E} = {5527B681-798E-4F96-B4F3-D89883445C7E}
		{221B47A4-9178-41AB-B85D-81681F120251} = {997C02FB-0385-4E7F-9A8C-ECB812BE2483}
		{21AE5AD7-C35A-4E42-9365-627E80F47133} = {93B65769-3F33-4001-8035-8FB78EE627EF}
		{5126568D-56A9-4FE1-9E87-C4FF400F4C1E} = {CBEA46DA-90A2-4AE2-B509-60D9695D407B}
		{D225EF06-C6C8-40DA-8075-851E559B91FD} = {CBEA46DA-90A2-4AE2-B509-60D9695D407B}
		{112C6225-4A07-4FF0-925F-6E8F8FB6F7E5} = {34C3CB55-E45F-4482-8480-3FC9F13C7987}
		{05048A07-F585-4B3F-8EA4-6B3C6F4DFA61} = {D85029CF-F6D6-4474-839F-7A5E44E2EFDC}
		{93EE40FC-8C4E-4C6E-A023-A8F15EDAB792} = {D85029CF-F6D6-4474-839F-7A5E44E2EFDC}
		{77CD7748-B3CC-4085-A019-5F21C499012E} = {D85029CF-F6D6-4474-839F-7A5E44E2EFDC}
		{A264B61B-3661-486A-9619-5835E8E02436} = {3D6952FD-741F-42AC-9E58-EA70A60008AA}
		{91150662-BD7A-4157-A7E9-63AB085A4DB5} = {3D6952FD-741F-42AC-9E58-EA70A60008AA}
		{42AEF9CC-FD9E-4974-94CF-3B31D168A8E4} = {3D6952FD-741F-42AC-9E58-EA70A60008AA}
		{B8B4064E-A076-43D5-8B90-53E49CABBB40} = {7333E920-A15E-489F-AB35-5F4BD69A1C9A}
		{262AB268-77DC-4109-BB5B-230F9C6D282D} = {BFF8F07B-4953-4D73-AD64-90B4E9D864F1}
		{1644C9E6-9FC4-4F9D-95B8-ED49742D17D5} = {EEAB713B-E5C5-403A-A3D2-4690A3F6E3C9}
		{6B0DF79E-0B79-4791-A317-EA746F5D47B2} = {EEAB713B-E5C5-403A-A3D2-4690A3F6E3C9}
		{AB4C4751-B4D0-4197-B7FA-F1F19AC131F6} = {FDF35CAB-1F37-4589-81AA-7EEEEBCB325B}
	EndGlobalSection
	GlobalSection(ExtensibilityGlobals) = postSolution
		SolutionGuid = {5384676B-E280-4841-A149-457EA86B8239}
	EndGlobalSection
EndGlobal
